
Microsoft Visual Studio Solution File, Format Version 12.00
# Visual Studio Version 16
VisualStudioVersion = 16.0.34407.143
MinimumVisualStudioVersion = 10.0.40219.1
Project("{F184B08F-C81C-45F6-A57F-5ABD9991F28F}") = "Taqt", "Taqt\Taqt.vbproj", "{CADDD143-49A6-406C-BEB9-88F0CFEC1B67}"
EndProject
Global
	GlobalSection(SolutionConfigurationPlatforms) = preSolution
		Debug|Any CPU = Debug|Any CPU
		Release|Any CPU = Release|Any CPU
	EndGlobalSection
	GlobalSection(ProjectConfigurationPlatforms) = postSolution
		{CADDD143-49A6-406C-BEB9-88F0CFEC1B67}.Debug|Any CPU.ActiveCfg = Debug|Any CPU
		{CADDD143-49A6-406C-BEB9-88F0CFEC1B67}.Debug|Any CPU.Build.0 = Debug|Any CPU
		{CADDD143-49A6-406C-BEB9-88F0CFEC1B67}.Release|Any CPU.ActiveCfg = Release|Any CPU
		{CADDD143-49A6-406C-BEB9-88F0CFEC1B67}.Release|Any CPU.Build.0 = Release|Any CPU
	EndGlobalSection
	GlobalSection(SolutionProperties) = preSolution
		HideSolutionNode = FALSE
	EndGlobalSection
	GlobalSection(ExtensibilityGlobals) = postSolution
		SolutionGuid = {60CC2F80-24AC-4925-B1BF-5A016D462502}
	EndGlobalSection
EndGlobal
